
Microsoft Visual Studio Solution File, Format Version 12.00
# Visual Studio 15
VisualStudioVersion = 15.0.27703.2000
MinimumVisualStudioVersion = 10.0.40219.1
Project("{FAE04EC0-301F-11D3-BF4B-00C04F79EFBC}") = "CareerCloud.Pocos", "CareerCloud.Pocos\CareerCloud.Pocos.csproj", "{EFD16D83-6A70-42B6-BFE2-3F3C336E327C}"
EndProject
Project("{FAE04EC0-301F-11D3-BF4B-00C04F79EFBC}") = "CareerCloud.DataAccessLayer", "CareerCloud.DataAccessLayer\CareerCloud.DataAccessLayer.csproj", "{796CCFE4-CE62-4A19-9A1C-D634C0FAB800}"
EndProject
Project("{FAE04EC0-301F-11D3-BF4B-00C04F79EFBC}") = "CareerCloud.ADODataAccessLayer", "CareerCloud.ADODataAccessLayer\CareerCloud.ADODataAccessLayer.csproj", "{8659F4B0-3030-4D02-B124-8204F1EE2359}"
EndProject
Project("{FAE04EC0-301F-11D3-BF4B-00C04F79EFBC}") = "CareerCloud.UnitTests.Assignment1", "CareerCloud.UnitTests.Assignment1-master\CareerCloud.UnitTests.Assignment1.csproj", "{0EF4F160-68B1-491A-925F-064D66EC3283}"
EndProject
Project("{FAE04EC0-301F-11D3-BF4B-00C04F79EFBC}") = "BodyProg", "BodyProg\BodyProg.csproj", "{4716AF33-534A-4E71-8B96-038AE081EFD0}"
EndProject
Project("{FAE04EC0-301F-11D3-BF4B-00C04F79EFBC}") = "CareerCloud.UnitTests.Assignment2", "CareerCloud.UnitTests.Assignment22\CareerCloud.UnitTests.Assignment2\CareerCloud.UnitTests.Assignment2.csproj", "{6E68DDCD-CDB9-4ABF-8DF3-57AE31F474E3}"
EndProject
Project("{FAE04EC0-301F-11D3-BF4B-00C04F79EFBC}") = "CareerCloud.BusinessLogicLayer", "CareerCloud.BusinessLogicLayer\CareerCloud.BusinessLogicLayer.csproj", "{95CB744A-B235-42FF-9680-177A29FEDDBD}"
EndProject
Project("{FAE04EC0-301F-11D3-BF4B-00C04F79EFBC}") = "CareerCloud.UnitTests.Assignment3", "CareerCloud.UnitTests.Assignment3\CareerCloud.UnitTests.Assignment3\CareerCloud.UnitTests.Assignment3.csproj", "{2D394F6A-C67B-4127-895E-8F6812942AC5}"
EndProject
Project("{FAE04EC0-301F-11D3-BF4B-00C04F79EFBC}") = "CarerrCloud.UnitTests.Assignment4", "CareerCloud.UnitTests.Assignment4\CarerrCloud.UnitTests.Assignment4\CarerrCloud.UnitTests.Assignment4.csproj", "{D8F213B9-4DC6-4C4E-A7A5-D741C0C7DFE3}"
EndProject
Project("{FAE04EC0-301F-11D3-BF4B-00C04F79EFBC}") = "CareerCloud.EntityFrameworkDataAccess", "CareerCloud.EntityFrameworkDataAccess\CareerCloud.EntityFrameworkDataAccess.csproj", "{E42E04B8-DDC1-4A9C-870D-D49001F055E1}"
EndProject
Project("{FAE04EC0-301F-11D3-BF4B-00C04F79EFBC}") = "CareerCloud.WCF", "CareerCloud.WCF\CareerCloud.WCF.csproj", "{BE2BCCFC-8981-46A5-A5E0-B70704E65E79}"
EndProject
Project("{FAE04EC0-301F-11D3-BF4B-00C04F79EFBC}") = "CareerCloud.UnitTests.Assignment5", "CareerCloud.UnitTests.Assignment5\CareerCloud.UnitTests.Assignment5\CareerCloud.UnitTests.Assignment5.csproj", "{943928D9-1890-4404-A8AF-5FF14079C136}"
EndProject
Project("{FAE04EC0-301F-11D3-BF4B-00C04F79EFBC}") = "CareerCloud.WebAPI", "CareerCloud.WebAPI\CareerCloud.WebAPI.csproj", "{D4400E9F-2125-4A82-B3C0-E913C696C4F7}"
EndProject
Project("{FAE04EC0-301F-11D3-BF4B-00C04F79EFBC}") = "CareerCloud.UnitTests.Assignment6", "CareerCloud.UnitTests.Assignment6\CareerCloud.UnitTests.Assignment6\CareerCloud.UnitTests.Assignment6.csproj", "{878AFB57-B469-4CC7-A714-0E447A4DA8E4}"
EndProject
Global
	GlobalSection(SolutionConfigurationPlatforms) = preSolution
		Debug|Any CPU = Debug|Any CPU
		Release|Any CPU = Release|Any CPU
	EndGlobalSection
	GlobalSection(ProjectConfigurationPlatforms) = postSolution
		{EFD16D83-6A70-42B6-BFE2-3F3C336E327C}.Debug|Any CPU.ActiveCfg = Debug|Any CPU
		{EFD16D83-6A70-42B6-BFE2-3F3C336E327C}.Debug|Any CPU.Build.0 = Debug|Any CPU
		{EFD16D83-6A70-42B6-BFE2-3F3C336E327C}.Release|Any CPU.ActiveCfg = Release|Any CPU
		{EFD16D83-6A70-42B6-BFE2-3F3C336E327C}.Release|Any CPU.Build.0 = Release|Any CPU
		{796CCFE4-CE62-4A19-9A1C-D634C0FAB800}.Debug|Any CPU.ActiveCfg = Debug|Any CPU
		{796CCFE4-CE62-4A19-9A1C-D634C0FAB800}.Debug|Any CPU.Build.0 = Debug|Any CPU
		{796CCFE4-CE62-4A19-9A1C-D634C0FAB800}.Release|Any CPU.ActiveCfg = Release|Any CPU
		{796CCFE4-CE62-4A19-9A1C-D634C0FAB800}.Release|Any CPU.Build.0 = Release|Any CPU
		{8659F4B0-3030-4D02-B124-8204F1EE2359}.Debug|Any CPU.ActiveCfg = Debug|Any CPU
		{8659F4B0-3030-4D02-B124-8204F1EE2359}.Debug|Any CPU.Build.0 = Debug|Any CPU
		{8659F4B0-3030-4D02-B124-8204F1EE2359}.Release|Any CPU.ActiveCfg = Release|Any CPU
		{8659F4B0-3030-4D02-B124-8204F1EE2359}.Release|Any CPU.Build.0 = Release|Any CPU
		{0EF4F160-68B1-491A-925F-064D66EC3283}.Debug|Any CPU.ActiveCfg = Debug|Any CPU
		{0EF4F160-68B1-491A-925F-064D66EC3283}.Debug|Any CPU.Build.0 = Debug|Any CPU
		{0EF4F160-68B1-491A-925F-064D66EC3283}.Release|Any CPU.ActiveCfg = Release|Any CPU
		{0EF4F160-68B1-491A-925F-064D66EC3283}.Release|Any CPU.Build.0 = Release|Any CPU
		{4716AF33-534A-4E71-8B96-038AE081EFD0}.Debug|Any CPU.ActiveCfg = Debug|Any CPU
		{4716AF33-534A-4E71-8B96-038AE081EFD0}.Debug|Any CPU.Build.0 = Debug|Any CPU
		{4716AF33-534A-4E71-8B96-038AE081EFD0}.Release|Any CPU.ActiveCfg = Release|Any CPU
		{4716AF33-534A-4E71-8B96-038AE081EFD0}.Release|Any CPU.Build.0 = Release|Any CPU
		{6E68DDCD-CDB9-4ABF-8DF3-57AE31F474E3}.Debug|Any CPU.ActiveCfg = Debug|Any CPU
		{6E68DDCD-CDB9-4ABF-8DF3-57AE31F474E3}.Debug|Any CPU.Build.0 = Debug|Any CPU
		{6E68DDCD-CDB9-4ABF-8DF3-57AE31F474E3}.Release|Any CPU.ActiveCfg = Release|Any CPU
		{6E68DDCD-CDB9-4ABF-8DF3-57AE31F474E3}.Release|Any CPU.Build.0 = Release|Any CPU
		{95CB744A-B235-42FF-9680-177A29FEDDBD}.Debug|Any CPU.ActiveCfg = Debug|Any CPU
		{95CB744A-B235-42FF-9680-177A29FEDDBD}.Debug|Any CPU.Build.0 = Debug|Any CPU
		{95CB744A-B235-42FF-9680-177A29FEDDBD}.Release|Any CPU.ActiveCfg = Release|Any CPU
		{95CB744A-B235-42FF-9680-177A29FEDDBD}.Release|Any CPU.Build.0 = Release|Any CPU
		{2D394F6A-C67B-4127-895E-8F6812942AC5}.Debug|Any CPU.ActiveCfg = Debug|Any CPU
		{2D394F6A-C67B-4127-895E-8F6812942AC5}.Debug|Any CPU.Build.0 = Debug|Any CPU
		{2D394F6A-C67B-4127-895E-8F6812942AC5}.Release|Any CPU.ActiveCfg = Release|Any CPU
		{2D394F6A-C67B-4127-895E-8F6812942AC5}.Release|Any CPU.Build.0 = Release|Any CPU
		{D8F213B9-4DC6-4C4E-A7A5-D741C0C7DFE3}.Debug|Any CPU.ActiveCfg = Debug|Any CPU
		{D8F213B9-4DC6-4C4E-A7A5-D741C0C7DFE3}.Debug|Any CPU.Build.0 = Debug|Any CPU
		{D8F213B9-4DC6-4C4E-A7A5-D741C0C7DFE3}.Release|Any CPU.ActiveCfg = Release|Any CPU
		{D8F213B9-4DC6-4C4E-A7A5-D741C0C7DFE3}.Release|Any CPU.Build.0 = Release|Any CPU
		{E42E04B8-DDC1-4A9C-870D-D49001F055E1}.Debug|Any CPU.ActiveCfg = Debug|Any CPU
		{E42E04B8-DDC1-4A9C-870D-D49001F055E1}.Debug|Any CPU.Build.0 = Debug|Any CPU
		{E42E04B8-DDC1-4A9C-870D-D49001F055E1}.Release|Any CPU.ActiveCfg = Release|Any CPU
		{E42E04B8-DDC1-4A9C-870D-D49001F055E1}.Release|Any CPU.Build.0 = Release|Any CPU
		{BE2BCCFC-8981-46A5-A5E0-B70704E65E79}.Debug|Any CPU.ActiveCfg = Debug|Any CPU
		{BE2BCCFC-8981-46A5-A5E0-B70704E65E79}.Debug|Any CPU.Build.0 = Debug|Any CPU
		{BE2BCCFC-8981-46A5-A5E0-B70704E65E79}.Release|Any CPU.ActiveCfg = Release|Any CPU
		{BE2BCCFC-8981-46A5-A5E0-B70704E65E79}.Release|Any CPU.Build.0 = Release|Any CPU
		{943928D9-1890-4404-A8AF-5FF14079C136}.Debug|Any CPU.ActiveCfg = Debug|Any CPU
		{943928D9-1890-4404-A8AF-5FF14079C136}.Debug|Any CPU.Build.0 = Debug|Any CPU
		{943928D9-1890-4404-A8AF-5FF14079C136}.Release|Any CPU.ActiveCfg = Release|Any CPU
		{943928D9-1890-4404-A8AF-5FF14079C136}.Release|Any CPU.Build.0 = Release|Any CPU
		{D4400E9F-2125-4A82-B3C0-E913C696C4F7}.Debug|Any CPU.ActiveCfg = Debug|Any CPU
		{D4400E9F-2125-4A82-B3C0-E913C696C4F7}.Debug|Any CPU.Build.0 = Debug|Any CPU
		{D4400E9F-2125-4A82-B3C0-E913C696C4F7}.Release|Any CPU.ActiveCfg = Release|Any CPU
		{D4400E9F-2125-4A82-B3C0-E913C696C4F7}.Release|Any CPU.Build.0 = Release|Any CPU
		{878AFB57-B469-4CC7-A714-0E447A4DA8E4}.Debug|Any CPU.ActiveCfg = Debug|Any CPU
		{878AFB57-B469-4CC7-A714-0E447A4DA8E4}.Debug|Any CPU.Build.0 = Debug|Any CPU
		{878AFB57-B469-4CC7-A714-0E447A4DA8E4}.Release|Any CPU.ActiveCfg = Release|Any CPU
		{878AFB57-B469-4CC7-A714-0E447A4DA8E4}.Release|Any CPU.Build.0 = Release|Any CPU
	EndGlobalSection
	GlobalSection(SolutionProperties) = preSolution
		HideSolutionNode = FALSE
	EndGlobalSection
	GlobalSection(ExtensibilityGlobals) = postSolution
		SolutionGuid = {CF7A58F2-48DB-4B26-A528-D6F6CA8EE68A}
	EndGlobalSection
EndGlobal
